{
  "name": "okapi-fe",
  "version": "0.1.5",
  "lockfileVersion": 2,
  "requires": true,
  "packages": {
    "": {
      "name": "okapi-fe",
      "version": "0.1.5",
      "license": "MIT",
      "dependencies": {
        "lean-wrap": "^0.3.6",
        "pico-client": "^0.7.6",
        "pico-common": "^0.14.21",
        "pojs": "^0.8.0"
      }
    },
    "node_modules/lean-wrap": {
      "version": "0.3.6",
      "resolved": "https://registry.npmjs.org/lean-wrap/-/lean-wrap-0.3.6.tgz",
      "integrity": "sha512-+XDrbHTZPwBtXjAoPSb6uliAgQr0uoppcTb+qSrsWE5AbQaFXGvHjr31fgLjEzMX0ThjnZ3od8bttVy7DI+UGw=="
    },
    "node_modules/pico-client": {
      "version": "0.7.6",
      "resolved": "https://registry.npmjs.org/pico-client/-/pico-client-0.7.6.tgz",
      "integrity": "sha512-eLrNU1XQlDP8rIpuTPQsq1Segh9IblEbfi+2ZH/faiCGtjCcr5Y1Y2kO6uCbGiWYb8KMvT+NE0FcWdg1UBUFnA==",
      "dependencies": {
        "pojs": "^0.8.0"
      },
      "bin": {
        "pico-client-build": "build.js",
        "pico-client-create": "create.js"
      },
      "peerDependencies": {
        "lean-wrap": "^0.3.x",
        "pico-common": "^0.14.x"
      }
    },
    "node_modules/pico-common": {
      "version": "0.14.23",
      "resolved": "https://registry.npmjs.org/pico-common/-/pico-common-0.14.23.tgz",
      "integrity": "sha512-BT5A82AeEGExSGG3WybsJhipqAlkemtzvi99aPC5WkO9Z4uWQ6mNVl/fRNTK5MgSQ6iCOO3d4FPgd7uhOT0whw==",
      "bin": {
        "pico-common-build": "concat.js"
      }
    },
    "node_modules/pojs": {
      "version": "0.8.5",
      "resolved": "https://registry.npmjs.org/pojs/-/pojs-0.8.5.tgz",
      "integrity": "sha512-eU9PdVsnMXhBZg2oY/2WU9a6+hzS0tvzBVZrXp7p7W+5bJ3Bvi360y8eoZfU9Co0ZNMTT/szD7R8vPFvJ7FLAQ==",
      "peerDependencies": {
        "lean-wrap": "0.x",
        "pico-common": "0.x"
      }
    }
  },
  "dependencies": {
    "lean-wrap": {
      "version": "0.3.6",
      "resolved": "https://registry.npmjs.org/lean-wrap/-/lean-wrap-0.3.6.tgz",
      "integrity": "sha512-+XDrbHTZPwBtXjAoPSb6uliAgQr0uoppcTb+qSrsWE5AbQaFXGvHjr31fgLjEzMX0ThjnZ3od8bttVy7DI+UGw=="
    },
    "pico-client": {
      "version": "0.7.6",
      "resolved": "https://registry.npmjs.org/pico-client/-/pico-client-0.7.6.tgz",
      "integrity": "sha512-eLrNU1XQlDP8rIpuTPQsq1Segh9IblEbfi+2ZH/faiCGtjCcr5Y1Y2kO6uCbGiWYb8KMvT+NE0FcWdg1UBUFnA==",
      "requires": {
        "pojs": "^0.8.0"
      }
    },
    "pico-common": {
      "version": "0.14.23",
      "resolved": "https://registry.npmjs.org/pico-common/-/pico-common-0.14.23.tgz",
      "integrity": "sha512-BT5A82AeEGExSGG3WybsJhipqAlkemtzvi99aPC5WkO9Z4uWQ6mNVl/fRNTK5MgSQ6iCOO3d4FPgd7uhOT0whw=="
    },
    "pojs": {
      "version": "0.8.5",
      "resolved": "https://registry.npmjs.org/pojs/-/pojs-0.8.5.tgz",
      "integrity": "sha512-eU9PdVsnMXhBZg2oY/2WU9a6+hzS0tvzBVZrXp7p7W+5bJ3Bvi360y8eoZfU9Co0ZNMTT/szD7R8vPFvJ7FLAQ==",
      "requires": {}
    }
  }
}
