{
  "name": "okapi-fe",
  "version": "0.0.1",
  "lockfileVersion": 2,
  "requires": true,
  "packages": {
    "": {
      "name": "okapi-fe",
      "version": "0.0.1",
      "license": "MIT",
      "dependencies": {
        "lean-wrap": "^0.3.5",
        "pico-client": "^0.7.5",
        "pico-common": "^0.14.21",
        "pojs": "^0.7.2"
      }
    },
    "node_modules/lean-wrap": {
      "version": "0.3.5",
      "resolved": "https://registry.npmjs.org/lean-wrap/-/lean-wrap-0.3.5.tgz",
      "integrity": "sha512-EyI/VK+jFkDi7/pRl5u1kY7eEVOVb3mdmrQp3TUscXqEjutW/8Rv8zQN2KfRViAgSmUw4N3Wlv+Uvq3znl471g=="
    },
    "node_modules/pico-client": {
      "version": "0.7.5",
      "resolved": "https://registry.npmjs.org/pico-client/-/pico-client-0.7.5.tgz",
      "integrity": "sha512-0Q4TG7QibOXtwzPsdKpHnP5PuJgSsZw4BurBme8M50t3OZqUgl00ZJEASy5dpuYw1kqLaEHEYVsaSplO6VF2HQ==",
      "dependencies": {
        "pojs": "^0.7.2"
      },
      "bin": {
        "pico-client-build": "build.js",
        "pico-client-create": "create.js"
      },
      "peerDependencies": {
        "lean-wrap": "^0.3.x",
        "pico-common": "^0.14.x"
      }
    },
    "node_modules/pico-common": {
      "version": "0.14.21",
      "resolved": "https://registry.npmjs.org/pico-common/-/pico-common-0.14.21.tgz",
      "integrity": "sha512-9e3tsZaXDaq14BKlPpyx/jD0fLk1PSF4PJBc2lA6agdzfEyZl+RbMVaiLe7FjpLmdOkz/Lsf1tchDUFU6igcXg==",
      "bin": {
        "pico-common-build": "concat.js"
      }
    },
    "node_modules/pojs": {
      "version": "0.7.2",
      "resolved": "https://registry.npmjs.org/pojs/-/pojs-0.7.2.tgz",
      "integrity": "sha512-8Dqlx/rxhFyk1qr1OTpUcruzYAnVXU55QKavAyfFf0npfVOoMtLwRqGU0NjBvobLv8bZCmUYteQCwOQgCSyQjA=="
    }
  },
  "dependencies": {
    "lean-wrap": {
      "version": "0.3.5",
      "resolved": "https://registry.npmjs.org/lean-wrap/-/lean-wrap-0.3.5.tgz",
      "integrity": "sha512-EyI/VK+jFkDi7/pRl5u1kY7eEVOVb3mdmrQp3TUscXqEjutW/8Rv8zQN2KfRViAgSmUw4N3Wlv+Uvq3znl471g=="
    },
    "pico-client": {
      "version": "0.7.5",
      "resolved": "https://registry.npmjs.org/pico-client/-/pico-client-0.7.5.tgz",
      "integrity": "sha512-0Q4TG7QibOXtwzPsdKpHnP5PuJgSsZw4BurBme8M50t3OZqUgl00ZJEASy5dpuYw1kqLaEHEYVsaSplO6VF2HQ==",
      "requires": {
        "pojs": "^0.7.2"
      }
    },
    "pico-common": {
      "version": "0.14.21",
      "resolved": "https://registry.npmjs.org/pico-common/-/pico-common-0.14.21.tgz",
      "integrity": "sha512-9e3tsZaXDaq14BKlPpyx/jD0fLk1PSF4PJBc2lA6agdzfEyZl+RbMVaiLe7FjpLmdOkz/Lsf1tchDUFU6igcXg=="
    },
    "pojs": {
      "version": "0.7.2",
      "resolved": "https://registry.npmjs.org/pojs/-/pojs-0.7.2.tgz",
      "integrity": "sha512-8Dqlx/rxhFyk1qr1OTpUcruzYAnVXU55QKavAyfFf0npfVOoMtLwRqGU0NjBvobLv8bZCmUYteQCwOQgCSyQjA=="
    }
  }
}
