{
  "name": "okapi-fe",
  "version": "0.3.0",
  "lockfileVersion": 2,
  "requires": true,
  "packages": {
    "": {
      "name": "okapi-fe",
      "version": "0.3.0",
      "license": "MIT",
      "dependencies": {
        "lean-wrap": "^0.3.6",
        "pico-client": "^0.7.6",
        "pico-common": "^0.14.21",
        "pojs": "^0.8.0"
      },
      "devDependencies": {
        "@codemirror/basic-setup": "^0.19.1",
        "@rollup/plugin-node-resolve": "^13.1.2",
        "rollup": "^2.62.0"
      }
    },
    "node_modules/@codemirror/autocomplete": {
      "version": "0.19.9",
      "resolved": "https://registry.npmjs.org/@codemirror/autocomplete/-/autocomplete-0.19.9.tgz",
      "integrity": "sha512-Ph1LWHtFFqNUIqEVrws6I263ihe5TH+TRBPwxQ78j7st7Q67FDAmgKX6mNbUPh02dxfqQrc9qxlo5JIqKeiVdg==",
      "dev": true,
      "dependencies": {
        "@codemirror/language": "^0.19.0",
        "@codemirror/state": "^0.19.4",
        "@codemirror/text": "^0.19.2",
        "@codemirror/tooltip": "^0.19.0",
        "@codemirror/view": "^0.19.0",
        "@lezer/common": "^0.15.0"
      }
    },
    "node_modules/@codemirror/basic-setup": {
      "version": "0.19.1",
      "resolved": "https://registry.npmjs.org/@codemirror/basic-setup/-/basic-setup-0.19.1.tgz",
      "integrity": "sha512-gLjD7YgZU/we6BzS/ecCmD3viw83dsgv5ZUaSydYbYx9X4w4w9RqYnckcJ+0GDyHfNr5Jtfv2Z5ZtFQnBj0UDA==",
      "dev": true,
      "dependencies": {
        "@codemirror/autocomplete": "^0.19.0",
        "@codemirror/closebrackets": "^0.19.0",
        "@codemirror/commands": "^0.19.0",
        "@codemirror/comment": "^0.19.0",
        "@codemirror/fold": "^0.19.0",
        "@codemirror/gutter": "^0.19.0",
        "@codemirror/highlight": "^0.19.0",
        "@codemirror/history": "^0.19.0",
        "@codemirror/language": "^0.19.0",
        "@codemirror/lint": "^0.19.0",
        "@codemirror/matchbrackets": "^0.19.0",
        "@codemirror/rectangular-selection": "^0.19.0",
        "@codemirror/search": "^0.19.0",
        "@codemirror/state": "^0.19.0",
        "@codemirror/view": "^0.19.31"
      }
    },
    "node_modules/@codemirror/closebrackets": {
      "version": "0.19.0",
      "resolved": "https://registry.npmjs.org/@codemirror/closebrackets/-/closebrackets-0.19.0.tgz",
      "integrity": "sha512-dFWX5OEVYWRNtGaifSbwIAlymnRRjxWMiMbffbAjF7p0zfGHDbdGkiT56q3Xud63h5/tQdSo5dK1iyNTzHz5vg==",
      "dev": true,
      "dependencies": {
        "@codemirror/language": "^0.19.0",
        "@codemirror/rangeset": "^0.19.0",
        "@codemirror/state": "^0.19.0",
        "@codemirror/text": "^0.19.0",
        "@codemirror/view": "^0.19.0"
      }
    },
    "node_modules/@codemirror/commands": {
      "version": "0.19.6",
      "resolved": "https://registry.npmjs.org/@codemirror/commands/-/commands-0.19.6.tgz",
      "integrity": "sha512-Mjc3ZfTifOn0h5499xI3MfCVIZvO2I0ochgzxfRtPOFwfXX/k7HTgnK0/KzuGDINyxUVeDaFCkf53TyyWjdxMQ==",
      "dev": true,
      "dependencies": {
        "@codemirror/language": "^0.19.0",
        "@codemirror/matchbrackets": "^0.19.0",
        "@codemirror/state": "^0.19.2",
        "@codemirror/text": "^0.19.0",
        "@codemirror/view": "^0.19.22",
        "@lezer/common": "^0.15.0"
      }
    },
    "node_modules/@codemirror/comment": {
      "version": "0.19.0",
      "resolved": "https://registry.npmjs.org/@codemirror/comment/-/comment-0.19.0.tgz",
      "integrity": "sha512-3hqAd0548fxqOBm4khFMcXVIivX8p0bSlbAuZJ6PNoUn/0wXhxkxowPp0FmFzU2+y37Z+ZQF5cRB5EREWPRIiQ==",
      "dev": true,
      "dependencies": {
        "@codemirror/state": "^0.19.0",
        "@codemirror/text": "^0.19.0",
        "@codemirror/view": "^0.19.0"
      }
    },
    "node_modules/@codemirror/fold": {
      "version": "0.19.2",
      "resolved": "https://registry.npmjs.org/@codemirror/fold/-/fold-0.19.2.tgz",
      "integrity": "sha512-FLi6RBhHPBnSbKZEu1S98z+VYSP5678cMdYVqhR58OWWTkEiLRVPeCTj8FhRKNL9B8Gx+lBQhGq3uwr3KtSs8w==",
      "dev": true,
      "dependencies": {
        "@codemirror/gutter": "^0.19.0",
        "@codemirror/language": "^0.19.0",
        "@codemirror/rangeset": "^0.19.0",
        "@codemirror/state": "^0.19.0",
        "@codemirror/view": "^0.19.22"
      }
    },
    "node_modules/@codemirror/gutter": {
      "version": "0.19.9",
      "resolved": "https://registry.npmjs.org/@codemirror/gutter/-/gutter-0.19.9.tgz",
      "integrity": "sha512-PFrtmilahin1g6uL27aG5tM/rqR9DZzZYZsIrCXA5Uc2OFTFqx4owuhoU9hqfYxHp5ovfvBwQ+txFzqS4vog6Q==",
      "dev": true,
      "dependencies": {
        "@codemirror/rangeset": "^0.19.0",
        "@codemirror/state": "^0.19.0",
        "@codemirror/view": "^0.19.23"
      }
    },
    "node_modules/@codemirror/highlight": {
      "version": "0.19.6",
      "resolved": "https://registry.npmjs.org/@codemirror/highlight/-/highlight-0.19.6.tgz",
      "integrity": "sha512-+eibu6on9quY8uN3xJ/n3rH+YIDLlpX7YulVmFvqAIz/ukRQ5tWaBmB7fMixHmnmRIRBRZgB8rNtonuMwZSAHQ==",
      "dev": true,
      "dependencies": {
        "@codemirror/language": "^0.19.0",
        "@codemirror/rangeset": "^0.19.0",
        "@codemirror/state": "^0.19.0",
        "@codemirror/view": "^0.19.0",
        "@lezer/common": "^0.15.0",
        "style-mod": "^4.0.0"
      }
    },
    "node_modules/@codemirror/history": {
      "version": "0.19.1",
      "resolved": "https://registry.npmjs.org/@codemirror/history/-/history-0.19.1.tgz",
      "integrity": "sha512-mcm856QzHj2K6it7XPtKN1lcQ15tB+A5XRtRix9GHRQak4bbY0ljqYJFxD4wNEAAb4uC2axUyl4yEW57DHJmdQ==",
      "dev": true,
      "dependencies": {
        "@codemirror/state": "^0.19.2",
        "@codemirror/view": "^0.19.0"
      }
    },
    "node_modules/@codemirror/language": {
      "version": "0.19.7",
      "resolved": "https://registry.npmjs.org/@codemirror/language/-/language-0.19.7.tgz",
      "integrity": "sha512-pNNUtYWMIMG0lUSKyUXJr8U0rFiCKsKFXbA2Oj17PC+S1FY99hV0z1vcntW67ekAIZw9DMEUQnLsKBuIbAUX7Q==",
      "dev": true,
      "dependencies": {
        "@codemirror/state": "^0.19.0",
        "@codemirror/text": "^0.19.0",
        "@codemirror/view": "^0.19.0",
        "@lezer/common": "^0.15.5",
        "@lezer/lr": "^0.15.0"
      }
    },
    "node_modules/@codemirror/lint": {
      "version": "0.19.3",
      "resolved": "https://registry.npmjs.org/@codemirror/lint/-/lint-0.19.3.tgz",
      "integrity": "sha512-+c39s05ybD2NjghxkPFsUbH/qBL0cdzKmtHbzUm0RVspeL2OiP7uHYJ6J5+Qr9RjMIPWzcqSauRqxfmCrctUfg==",
      "dev": true,
      "dependencies": {
        "@codemirror/gutter": "^0.19.4",
        "@codemirror/panel": "^0.19.0",
        "@codemirror/rangeset": "^0.19.1",
        "@codemirror/state": "^0.19.4",
        "@codemirror/tooltip": "^0.19.5",
        "@codemirror/view": "^0.19.0",
        "crelt": "^1.0.5"
      }
    },
    "node_modules/@codemirror/matchbrackets": {
      "version": "0.19.3",
      "resolved": "https://registry.npmjs.org/@codemirror/matchbrackets/-/matchbrackets-0.19.3.tgz",
      "integrity": "sha512-ljkrBxaLgh8jesroUiBa57pdEwqJamxkukXrJpL9LdyFZVJaF+9TldhztRaMsMZO1XnCSSHQ9sg32iuHo7Sc2g==",
      "dev": true,
      "dependencies": {
        "@codemirror/language": "^0.19.0",
        "@codemirror/state": "^0.19.0",
        "@codemirror/view": "^0.19.0",
        "@lezer/common": "^0.15.0"
      }
    },
    "node_modules/@codemirror/panel": {
      "version": "0.19.1",
      "resolved": "https://registry.npmjs.org/@codemirror/panel/-/panel-0.19.1.tgz",
      "integrity": "sha512-sYeOCMA3KRYxZYJYn5PNlt9yNsjy3zTNTrbYSfVgjgL9QomIVgOJWPO5hZ2sTN8lufO6lw0vTBsIPL9MSidmBg==",
      "dev": true,
      "dependencies": {
        "@codemirror/state": "^0.19.0",
        "@codemirror/view": "^0.19.0"
      }
    },
    "node_modules/@codemirror/rangeset": {
      "version": "0.19.5",
      "resolved": "https://registry.npmjs.org/@codemirror/rangeset/-/rangeset-0.19.5.tgz",
      "integrity": "sha512-L3b+RIwIRKOJ3pJLOtpkxCUjGnxZKFyPb0CjYWKnVLuzEIaEExWWK7sp6rsejxOy8RjYzfCHlFhYB4UdQN7brw==",
      "dev": true,
      "dependencies": {
        "@codemirror/state": "^0.19.0"
      }
    },
    "node_modules/@codemirror/rectangular-selection": {
      "version": "0.19.1",
      "resolved": "https://registry.npmjs.org/@codemirror/rectangular-selection/-/rectangular-selection-0.19.1.tgz",
      "integrity": "sha512-9ElnqOg3mpZIWe0prPRd1SZ48Q9QB3bR8Aocq8UtjboJSUG8ABhRrbuTZMW/rMqpBPSjVpCe9xkCCkEQMYQVmw==",
      "dev": true,
      "dependencies": {
        "@codemirror/state": "^0.19.0",
        "@codemirror/text": "^0.19.4",
        "@codemirror/view": "^0.19.0"
      }
    },
    "node_modules/@codemirror/search": {
      "version": "0.19.5",
      "resolved": "https://registry.npmjs.org/@codemirror/search/-/search-0.19.5.tgz",
      "integrity": "sha512-9kbtCBpMDlzcj7AptMRBx9BZpC5wz+/tG8nIe4vdpOszP08ZY2AcxN5nlhCoUSZu+pd0b6fYiwjLXOf000rRpw==",
      "dev": true,
      "dependencies": {
        "@codemirror/panel": "^0.19.0",
        "@codemirror/rangeset": "^0.19.0",
        "@codemirror/state": "^0.19.3",
        "@codemirror/text": "^0.19.0",
        "@codemirror/view": "^0.19.0",
        "crelt": "^1.0.5"
      }
    },
    "node_modules/@codemirror/state": {
      "version": "0.19.6",
      "resolved": "https://registry.npmjs.org/@codemirror/state/-/state-0.19.6.tgz",
      "integrity": "sha512-sqIQZE9VqwQj7D4c2oz9mfLhlT1ElAzGB5lO1lE33BPyrdNy1cJyCIOecT4cn4VeJOFrnjOeu+IftZ3zqdFETw==",
      "dev": true,
      "dependencies": {
        "@codemirror/text": "^0.19.0"
      }
    },
    "node_modules/@codemirror/text": {
      "version": "0.19.5",
      "resolved": "https://registry.npmjs.org/@codemirror/text/-/text-0.19.5.tgz",
      "integrity": "sha512-Syu5Xc7tZzeUAM/y4fETkT0zgGr48rDG+w4U38bPwSIUr+L9S/7w2wDE1WGNzjaZPz12F6gb1gxWiSTg9ocLow==",
      "dev": true
    },
    "node_modules/@codemirror/tooltip": {
      "version": "0.19.10",
      "resolved": "https://registry.npmjs.org/@codemirror/tooltip/-/tooltip-0.19.10.tgz",
      "integrity": "sha512-xqIhCHr+IYoamdNLvBnU/oDh92zPnsbT1zLaFtKTFi9GI9SxOfBhWY3jfMENlK0j1C9rk8+AvwpXblPGvY/O6w==",
      "dev": true,
      "dependencies": {
        "@codemirror/state": "^0.19.0",
        "@codemirror/view": "^0.19.0"
      }
    },
    "node_modules/@codemirror/view": {
      "version": "0.19.37",
      "resolved": "https://registry.npmjs.org/@codemirror/view/-/view-0.19.37.tgz",
      "integrity": "sha512-SLuLx9p0O1ZHXLehvl5MwSvUrQRcsNGemzTgJ0zRajmc3BBsNigI1PXxdo7tvBhO5DcAzRRBXoke9DZFUR6Qqg==",
      "dev": true,
      "dependencies": {
        "@codemirror/rangeset": "^0.19.5",
        "@codemirror/state": "^0.19.3",
        "@codemirror/text": "^0.19.0",
        "style-mod": "^4.0.0",
        "w3c-keyname": "^2.2.4"
      }
    },
    "node_modules/@lezer/common": {
      "version": "0.15.11",
      "resolved": "https://registry.npmjs.org/@lezer/common/-/common-0.15.11.tgz",
      "integrity": "sha512-vv0nSdIaVCRcJ8rPuDdsrNVfBOYe/4Szr/LhF929XyDmBndLDuWiCCHooGlGlJfzELyO608AyDhVsuX/ZG36NA==",
      "dev": true
    },
    "node_modules/@lezer/lr": {
      "version": "0.15.5",
      "resolved": "https://registry.npmjs.org/@lezer/lr/-/lr-0.15.5.tgz",
      "integrity": "sha512-DEcLyhdmBxD1foQe7RegLrSlfS/XaTMGLkO5evkzHWAQKh/JnFWp7j7iNB7s2EpxzRrBCh0U+W7JDCeFhv2mng==",
      "dev": true,
      "dependencies": {
        "@lezer/common": "^0.15.0"
      }
    },
    "node_modules/@rollup/plugin-node-resolve": {
      "version": "13.1.2",
      "resolved": "https://registry.npmjs.org/@rollup/plugin-node-resolve/-/plugin-node-resolve-13.1.2.tgz",
      "integrity": "sha512-xyqbuf1vyOPC60jEKhx3DBHunymnCJswzjNTKfX4Jz7zCPar1UqbRZCNY1u5QaXh97beaFTWdoUUWiV4qX8o/g==",
      "dev": true,
      "dependencies": {
        "@rollup/pluginutils": "^3.1.0",
        "@types/resolve": "1.17.1",
        "builtin-modules": "^3.1.0",
        "deepmerge": "^4.2.2",
        "is-module": "^1.0.0",
        "resolve": "^1.19.0"
      },
      "engines": {
        "node": ">= 10.0.0"
      },
      "peerDependencies": {
        "rollup": "^2.42.0"
      }
    },
    "node_modules/@rollup/pluginutils": {
      "version": "3.1.0",
      "resolved": "https://registry.npmjs.org/@rollup/pluginutils/-/pluginutils-3.1.0.tgz",
      "integrity": "sha512-GksZ6pr6TpIjHm8h9lSQ8pi8BE9VeubNT0OMJ3B5uZJ8pz73NPiqOtCog/x2/QzM1ENChPKxMDhiQuRHsqc+lg==",
      "dev": true,
      "dependencies": {
        "@types/estree": "0.0.39",
        "estree-walker": "^1.0.1",
        "picomatch": "^2.2.2"
      },
      "engines": {
        "node": ">= 8.0.0"
      },
      "peerDependencies": {
        "rollup": "^1.20.0||^2.0.0"
      }
    },
    "node_modules/@types/estree": {
      "version": "0.0.39",
      "resolved": "https://registry.npmjs.org/@types/estree/-/estree-0.0.39.tgz",
      "integrity": "sha512-EYNwp3bU+98cpU4lAWYYL7Zz+2gryWH1qbdDTidVd6hkiR6weksdbMadyXKXNPEkQFhXM+hVO9ZygomHXp+AIw==",
      "dev": true
    },
    "node_modules/@types/node": {
      "version": "17.0.6",
      "resolved": "https://registry.npmjs.org/@types/node/-/node-17.0.6.tgz",
      "integrity": "sha512-+XBAjfZmmivILUzO0HwBJoYkAyyySSLg5KCGBDFLomJo0sV6szvVLAf4ANZZ0pfWzgEds5KmGLG9D5hfEqOhaA==",
      "dev": true
    },
    "node_modules/@types/resolve": {
      "version": "1.17.1",
      "resolved": "https://registry.npmjs.org/@types/resolve/-/resolve-1.17.1.tgz",
      "integrity": "sha512-yy7HuzQhj0dhGpD8RLXSZWEkLsV9ibvxvi6EiJ3bkqLAO1RGo0WbkWQiwpRlSFymTJRz0d3k5LM3kkx8ArDbLw==",
      "dev": true,
      "dependencies": {
        "@types/node": "*"
      }
    },
    "node_modules/builtin-modules": {
      "version": "3.2.0",
      "resolved": "https://registry.npmjs.org/builtin-modules/-/builtin-modules-3.2.0.tgz",
      "integrity": "sha512-lGzLKcioL90C7wMczpkY0n/oART3MbBa8R9OFGE1rJxoVI86u4WAGfEk8Wjv10eKSyTHVGkSo3bvBylCEtk7LA==",
      "dev": true,
      "engines": {
        "node": ">=6"
      },
      "funding": {
        "url": "https://github.com/sponsors/sindresorhus"
      }
    },
    "node_modules/crelt": {
      "version": "1.0.5",
      "resolved": "https://registry.npmjs.org/crelt/-/crelt-1.0.5.tgz",
      "integrity": "sha512-+BO9wPPi+DWTDcNYhr/W90myha8ptzftZT+LwcmUbbok0rcP/fequmFYCw8NMoH7pkAZQzU78b3kYrlua5a9eA==",
      "dev": true
    },
    "node_modules/deepmerge": {
      "version": "4.2.2",
      "resolved": "https://registry.npmjs.org/deepmerge/-/deepmerge-4.2.2.tgz",
      "integrity": "sha512-FJ3UgI4gIl+PHZm53knsuSFpE+nESMr7M4v9QcgB7S63Kj/6WqMiFQJpBBYz1Pt+66bZpP3Q7Lye0Oo9MPKEdg==",
      "dev": true,
      "engines": {
        "node": ">=0.10.0"
      }
    },
    "node_modules/estree-walker": {
      "version": "1.0.1",
      "resolved": "https://registry.npmjs.org/estree-walker/-/estree-walker-1.0.1.tgz",
      "integrity": "sha512-1fMXF3YP4pZZVozF8j/ZLfvnR8NSIljt56UhbZ5PeeDmmGHpgpdwQt7ITlGvYaQukCvuBRMLEiKiYC+oeIg4cg==",
      "dev": true
    },
    "node_modules/fsevents": {
      "version": "2.3.2",
      "resolved": "https://registry.npmjs.org/fsevents/-/fsevents-2.3.2.tgz",
      "integrity": "sha512-xiqMQR4xAeHTuB9uWm+fFRcIOgKBMiOBP+eXiyT7jsgVCq1bkVygt00oASowB7EdtpOHaaPgKt812P9ab+DDKA==",
      "dev": true,
      "hasInstallScript": true,
      "optional": true,
      "os": [
        "darwin"
      ],
      "engines": {
        "node": "^8.16.0 || ^10.6.0 || >=11.0.0"
      }
    },
    "node_modules/function-bind": {
      "version": "1.1.1",
      "resolved": "https://registry.npmjs.org/function-bind/-/function-bind-1.1.1.tgz",
      "integrity": "sha512-yIovAzMX49sF8Yl58fSCWJ5svSLuaibPxXQJFLmBObTuCr0Mf1KiPopGM9NiFjiYBCbfaa2Fh6breQ6ANVTI0A==",
      "dev": true
    },
    "node_modules/has": {
      "version": "1.0.3",
      "resolved": "https://registry.npmjs.org/has/-/has-1.0.3.tgz",
      "integrity": "sha512-f2dvO0VU6Oej7RkWJGrehjbzMAjFp5/VKPp5tTpWIV4JHHZK1/BxbFRtf/siA2SWTe09caDmVtYYzWEIbBS4zw==",
      "dev": true,
      "dependencies": {
        "function-bind": "^1.1.1"
      },
      "engines": {
        "node": ">= 0.4.0"
      }
    },
    "node_modules/is-core-module": {
      "version": "2.8.0",
      "resolved": "https://registry.npmjs.org/is-core-module/-/is-core-module-2.8.0.tgz",
      "integrity": "sha512-vd15qHsaqrRL7dtH6QNuy0ndJmRDrS9HAM1CAiSifNUFv4x1a0CCVsj18hJ1mShxIG6T2i1sO78MkP56r0nYRw==",
      "dev": true,
      "dependencies": {
        "has": "^1.0.3"
      },
      "funding": {
        "url": "https://github.com/sponsors/ljharb"
      }
    },
    "node_modules/is-module": {
      "version": "1.0.0",
      "resolved": "https://registry.npmjs.org/is-module/-/is-module-1.0.0.tgz",
      "integrity": "sha1-Mlj7afeMFNW4FdZkM2tM/7ZEFZE=",
      "dev": true
    },
    "node_modules/lean-wrap": {
      "version": "0.3.6",
      "resolved": "https://registry.npmjs.org/lean-wrap/-/lean-wrap-0.3.6.tgz",
      "integrity": "sha512-+XDrbHTZPwBtXjAoPSb6uliAgQr0uoppcTb+qSrsWE5AbQaFXGvHjr31fgLjEzMX0ThjnZ3od8bttVy7DI+UGw=="
    },
    "node_modules/path-parse": {
      "version": "1.0.7",
      "resolved": "https://registry.npmjs.org/path-parse/-/path-parse-1.0.7.tgz",
      "integrity": "sha512-LDJzPVEEEPR+y48z93A0Ed0yXb8pAByGWo/k5YYdYgpY2/2EsOsksJrq7lOHxryrVOn1ejG6oAp8ahvOIQD8sw==",
      "dev": true
    },
    "node_modules/pico-client": {
      "version": "0.7.6",
      "resolved": "https://registry.npmjs.org/pico-client/-/pico-client-0.7.6.tgz",
      "integrity": "sha512-eLrNU1XQlDP8rIpuTPQsq1Segh9IblEbfi+2ZH/faiCGtjCcr5Y1Y2kO6uCbGiWYb8KMvT+NE0FcWdg1UBUFnA==",
      "dependencies": {
        "pojs": "^0.8.0"
      },
      "bin": {
        "pico-client-build": "build.js",
        "pico-client-create": "create.js"
      },
      "peerDependencies": {
        "lean-wrap": "^0.3.x",
        "pico-common": "^0.14.x"
      }
    },
    "node_modules/pico-common": {
      "version": "0.14.23",
      "resolved": "https://registry.npmjs.org/pico-common/-/pico-common-0.14.23.tgz",
      "integrity": "sha512-BT5A82AeEGExSGG3WybsJhipqAlkemtzvi99aPC5WkO9Z4uWQ6mNVl/fRNTK5MgSQ6iCOO3d4FPgd7uhOT0whw==",
      "bin": {
        "pico-common-build": "concat.js"
      }
    },
    "node_modules/picomatch": {
      "version": "2.3.0",
      "resolved": "https://registry.npmjs.org/picomatch/-/picomatch-2.3.0.tgz",
      "integrity": "sha512-lY1Q/PiJGC2zOv/z391WOTD+Z02bCgsFfvxoXXf6h7kv9o+WmsmzYqrAwY63sNgOxE4xEdq0WyUnXfKeBrSvYw==",
      "dev": true,
      "engines": {
        "node": ">=8.6"
      },
      "funding": {
        "url": "https://github.com/sponsors/jonschlinkert"
      }
    },
    "node_modules/pojs": {
      "version": "0.8.5",
      "resolved": "https://registry.npmjs.org/pojs/-/pojs-0.8.5.tgz",
      "integrity": "sha512-eU9PdVsnMXhBZg2oY/2WU9a6+hzS0tvzBVZrXp7p7W+5bJ3Bvi360y8eoZfU9Co0ZNMTT/szD7R8vPFvJ7FLAQ==",
      "peerDependencies": {
        "lean-wrap": "0.x",
        "pico-common": "0.x"
      }
    },
    "node_modules/resolve": {
      "version": "1.20.0",
      "resolved": "https://registry.npmjs.org/resolve/-/resolve-1.20.0.tgz",
      "integrity": "sha512-wENBPt4ySzg4ybFQW2TT1zMQucPK95HSh/nq2CFTZVOGut2+pQvSsgtda4d26YrYcr067wjbmzOG8byDPBX63A==",
      "dev": true,
      "dependencies": {
        "is-core-module": "^2.2.0",
        "path-parse": "^1.0.6"
      },
      "funding": {
        "url": "https://github.com/sponsors/ljharb"
      }
    },
    "node_modules/rollup": {
      "version": "2.62.0",
      "resolved": "https://registry.npmjs.org/rollup/-/rollup-2.62.0.tgz",
      "integrity": "sha512-cJEQq2gwB0GWMD3rYImefQTSjrPYaC6s4J9pYqnstVLJ1CHa/aZNVkD4Epuvg4iLeMA4KRiq7UM7awKK6j7jcw==",
      "dev": true,
      "bin": {
        "rollup": "dist/bin/rollup"
      },
      "engines": {
        "node": ">=10.0.0"
      },
      "optionalDependencies": {
        "fsevents": "~2.3.2"
      }
    },
    "node_modules/style-mod": {
      "version": "4.0.0",
      "resolved": "https://registry.npmjs.org/style-mod/-/style-mod-4.0.0.tgz",
      "integrity": "sha512-OPhtyEjyyN9x3nhPsu76f52yUGXiZcgvsrFVtvTkyGRQJ0XK+GPc6ov1z+lRpbeabka+MYEQxOYRnt5nF30aMw==",
      "dev": true
    },
    "node_modules/w3c-keyname": {
      "version": "2.2.4",
      "resolved": "https://registry.npmjs.org/w3c-keyname/-/w3c-keyname-2.2.4.tgz",
      "integrity": "sha512-tOhfEwEzFLJzf6d1ZPkYfGj+FWhIpBux9ppoP3rlclw3Z0BZv3N7b7030Z1kYth+6rDuAsXUFr+d0VE6Ed1ikw==",
      "dev": true
    }
  },
  "dependencies": {
    "@codemirror/autocomplete": {
      "version": "0.19.9",
      "resolved": "https://registry.npmjs.org/@codemirror/autocomplete/-/autocomplete-0.19.9.tgz",
      "integrity": "sha512-Ph1LWHtFFqNUIqEVrws6I263ihe5TH+TRBPwxQ78j7st7Q67FDAmgKX6mNbUPh02dxfqQrc9qxlo5JIqKeiVdg==",
      "dev": true,
      "requires": {
        "@codemirror/language": "^0.19.0",
        "@codemirror/state": "^0.19.4",
        "@codemirror/text": "^0.19.2",
        "@codemirror/tooltip": "^0.19.0",
        "@codemirror/view": "^0.19.0",
        "@lezer/common": "^0.15.0"
      }
    },
    "@codemirror/basic-setup": {
      "version": "0.19.1",
      "resolved": "https://registry.npmjs.org/@codemirror/basic-setup/-/basic-setup-0.19.1.tgz",
      "integrity": "sha512-gLjD7YgZU/we6BzS/ecCmD3viw83dsgv5ZUaSydYbYx9X4w4w9RqYnckcJ+0GDyHfNr5Jtfv2Z5ZtFQnBj0UDA==",
      "dev": true,
      "requires": {
        "@codemirror/autocomplete": "^0.19.0",
        "@codemirror/closebrackets": "^0.19.0",
        "@codemirror/commands": "^0.19.0",
        "@codemirror/comment": "^0.19.0",
        "@codemirror/fold": "^0.19.0",
        "@codemirror/gutter": "^0.19.0",
        "@codemirror/highlight": "^0.19.0",
        "@codemirror/history": "^0.19.0",
        "@codemirror/language": "^0.19.0",
        "@codemirror/lint": "^0.19.0",
        "@codemirror/matchbrackets": "^0.19.0",
        "@codemirror/rectangular-selection": "^0.19.0",
        "@codemirror/search": "^0.19.0",
        "@codemirror/state": "^0.19.0",
        "@codemirror/view": "^0.19.31"
      }
    },
    "@codemirror/closebrackets": {
      "version": "0.19.0",
      "resolved": "https://registry.npmjs.org/@codemirror/closebrackets/-/closebrackets-0.19.0.tgz",
      "integrity": "sha512-dFWX5OEVYWRNtGaifSbwIAlymnRRjxWMiMbffbAjF7p0zfGHDbdGkiT56q3Xud63h5/tQdSo5dK1iyNTzHz5vg==",
      "dev": true,
      "requires": {
        "@codemirror/language": "^0.19.0",
        "@codemirror/rangeset": "^0.19.0",
        "@codemirror/state": "^0.19.0",
        "@codemirror/text": "^0.19.0",
        "@codemirror/view": "^0.19.0"
      }
    },
    "@codemirror/commands": {
      "version": "0.19.6",
      "resolved": "https://registry.npmjs.org/@codemirror/commands/-/commands-0.19.6.tgz",
      "integrity": "sha512-Mjc3ZfTifOn0h5499xI3MfCVIZvO2I0ochgzxfRtPOFwfXX/k7HTgnK0/KzuGDINyxUVeDaFCkf53TyyWjdxMQ==",
      "dev": true,
      "requires": {
        "@codemirror/language": "^0.19.0",
        "@codemirror/matchbrackets": "^0.19.0",
        "@codemirror/state": "^0.19.2",
        "@codemirror/text": "^0.19.0",
        "@codemirror/view": "^0.19.22",
        "@lezer/common": "^0.15.0"
      }
    },
    "@codemirror/comment": {
      "version": "0.19.0",
      "resolved": "https://registry.npmjs.org/@codemirror/comment/-/comment-0.19.0.tgz",
      "integrity": "sha512-3hqAd0548fxqOBm4khFMcXVIivX8p0bSlbAuZJ6PNoUn/0wXhxkxowPp0FmFzU2+y37Z+ZQF5cRB5EREWPRIiQ==",
      "dev": true,
      "requires": {
        "@codemirror/state": "^0.19.0",
        "@codemirror/text": "^0.19.0",
        "@codemirror/view": "^0.19.0"
      }
    },
    "@codemirror/fold": {
      "version": "0.19.2",
      "resolved": "https://registry.npmjs.org/@codemirror/fold/-/fold-0.19.2.tgz",
      "integrity": "sha512-FLi6RBhHPBnSbKZEu1S98z+VYSP5678cMdYVqhR58OWWTkEiLRVPeCTj8FhRKNL9B8Gx+lBQhGq3uwr3KtSs8w==",
      "dev": true,
      "requires": {
        "@codemirror/gutter": "^0.19.0",
        "@codemirror/language": "^0.19.0",
        "@codemirror/rangeset": "^0.19.0",
        "@codemirror/state": "^0.19.0",
        "@codemirror/view": "^0.19.22"
      }
    },
    "@codemirror/gutter": {
      "version": "0.19.9",
      "resolved": "https://registry.npmjs.org/@codemirror/gutter/-/gutter-0.19.9.tgz",
      "integrity": "sha512-PFrtmilahin1g6uL27aG5tM/rqR9DZzZYZsIrCXA5Uc2OFTFqx4owuhoU9hqfYxHp5ovfvBwQ+txFzqS4vog6Q==",
      "dev": true,
      "requires": {
        "@codemirror/rangeset": "^0.19.0",
        "@codemirror/state": "^0.19.0",
        "@codemirror/view": "^0.19.23"
      }
    },
    "@codemirror/highlight": {
      "version": "0.19.6",
      "resolved": "https://registry.npmjs.org/@codemirror/highlight/-/highlight-0.19.6.tgz",
      "integrity": "sha512-+eibu6on9quY8uN3xJ/n3rH+YIDLlpX7YulVmFvqAIz/ukRQ5tWaBmB7fMixHmnmRIRBRZgB8rNtonuMwZSAHQ==",
      "dev": true,
      "requires": {
        "@codemirror/language": "^0.19.0",
        "@codemirror/rangeset": "^0.19.0",
        "@codemirror/state": "^0.19.0",
        "@codemirror/view": "^0.19.0",
        "@lezer/common": "^0.15.0",
        "style-mod": "^4.0.0"
      }
    },
    "@codemirror/history": {
      "version": "0.19.1",
      "resolved": "https://registry.npmjs.org/@codemirror/history/-/history-0.19.1.tgz",
      "integrity": "sha512-mcm856QzHj2K6it7XPtKN1lcQ15tB+A5XRtRix9GHRQak4bbY0ljqYJFxD4wNEAAb4uC2axUyl4yEW57DHJmdQ==",
      "dev": true,
      "requires": {
        "@codemirror/state": "^0.19.2",
        "@codemirror/view": "^0.19.0"
      }
    },
    "@codemirror/language": {
      "version": "0.19.7",
      "resolved": "https://registry.npmjs.org/@codemirror/language/-/language-0.19.7.tgz",
      "integrity": "sha512-pNNUtYWMIMG0lUSKyUXJr8U0rFiCKsKFXbA2Oj17PC+S1FY99hV0z1vcntW67ekAIZw9DMEUQnLsKBuIbAUX7Q==",
      "dev": true,
      "requires": {
        "@codemirror/state": "^0.19.0",
        "@codemirror/text": "^0.19.0",
        "@codemirror/view": "^0.19.0",
        "@lezer/common": "^0.15.5",
        "@lezer/lr": "^0.15.0"
      }
    },
    "@codemirror/lint": {
      "version": "0.19.3",
      "resolved": "https://registry.npmjs.org/@codemirror/lint/-/lint-0.19.3.tgz",
      "integrity": "sha512-+c39s05ybD2NjghxkPFsUbH/qBL0cdzKmtHbzUm0RVspeL2OiP7uHYJ6J5+Qr9RjMIPWzcqSauRqxfmCrctUfg==",
      "dev": true,
      "requires": {
        "@codemirror/gutter": "^0.19.4",
        "@codemirror/panel": "^0.19.0",
        "@codemirror/rangeset": "^0.19.1",
        "@codemirror/state": "^0.19.4",
        "@codemirror/tooltip": "^0.19.5",
        "@codemirror/view": "^0.19.0",
        "crelt": "^1.0.5"
      }
    },
    "@codemirror/matchbrackets": {
      "version": "0.19.3",
      "resolved": "https://registry.npmjs.org/@codemirror/matchbrackets/-/matchbrackets-0.19.3.tgz",
      "integrity": "sha512-ljkrBxaLgh8jesroUiBa57pdEwqJamxkukXrJpL9LdyFZVJaF+9TldhztRaMsMZO1XnCSSHQ9sg32iuHo7Sc2g==",
      "dev": true,
      "requires": {
        "@codemirror/language": "^0.19.0",
        "@codemirror/state": "^0.19.0",
        "@codemirror/view": "^0.19.0",
        "@lezer/common": "^0.15.0"
      }
    },
    "@codemirror/panel": {
      "version": "0.19.1",
      "resolved": "https://registry.npmjs.org/@codemirror/panel/-/panel-0.19.1.tgz",
      "integrity": "sha512-sYeOCMA3KRYxZYJYn5PNlt9yNsjy3zTNTrbYSfVgjgL9QomIVgOJWPO5hZ2sTN8lufO6lw0vTBsIPL9MSidmBg==",
      "dev": true,
      "requires": {
        "@codemirror/state": "^0.19.0",
        "@codemirror/view": "^0.19.0"
      }
    },
    "@codemirror/rangeset": {
      "version": "0.19.5",
      "resolved": "https://registry.npmjs.org/@codemirror/rangeset/-/rangeset-0.19.5.tgz",
      "integrity": "sha512-L3b+RIwIRKOJ3pJLOtpkxCUjGnxZKFyPb0CjYWKnVLuzEIaEExWWK7sp6rsejxOy8RjYzfCHlFhYB4UdQN7brw==",
      "dev": true,
      "requires": {
        "@codemirror/state": "^0.19.0"
      }
    },
    "@codemirror/rectangular-selection": {
      "version": "0.19.1",
      "resolved": "https://registry.npmjs.org/@codemirror/rectangular-selection/-/rectangular-selection-0.19.1.tgz",
      "integrity": "sha512-9ElnqOg3mpZIWe0prPRd1SZ48Q9QB3bR8Aocq8UtjboJSUG8ABhRrbuTZMW/rMqpBPSjVpCe9xkCCkEQMYQVmw==",
      "dev": true,
      "requires": {
        "@codemirror/state": "^0.19.0",
        "@codemirror/text": "^0.19.4",
        "@codemirror/view": "^0.19.0"
      }
    },
    "@codemirror/search": {
      "version": "0.19.5",
      "resolved": "https://registry.npmjs.org/@codemirror/search/-/search-0.19.5.tgz",
      "integrity": "sha512-9kbtCBpMDlzcj7AptMRBx9BZpC5wz+/tG8nIe4vdpOszP08ZY2AcxN5nlhCoUSZu+pd0b6fYiwjLXOf000rRpw==",
      "dev": true,
      "requires": {
        "@codemirror/panel": "^0.19.0",
        "@codemirror/rangeset": "^0.19.0",
        "@codemirror/state": "^0.19.3",
        "@codemirror/text": "^0.19.0",
        "@codemirror/view": "^0.19.0",
        "crelt": "^1.0.5"
      }
    },
    "@codemirror/state": {
      "version": "0.19.6",
      "resolved": "https://registry.npmjs.org/@codemirror/state/-/state-0.19.6.tgz",
      "integrity": "sha512-sqIQZE9VqwQj7D4c2oz9mfLhlT1ElAzGB5lO1lE33BPyrdNy1cJyCIOecT4cn4VeJOFrnjOeu+IftZ3zqdFETw==",
      "dev": true,
      "requires": {
        "@codemirror/text": "^0.19.0"
      }
    },
    "@codemirror/text": {
      "version": "0.19.5",
      "resolved": "https://registry.npmjs.org/@codemirror/text/-/text-0.19.5.tgz",
      "integrity": "sha512-Syu5Xc7tZzeUAM/y4fETkT0zgGr48rDG+w4U38bPwSIUr+L9S/7w2wDE1WGNzjaZPz12F6gb1gxWiSTg9ocLow==",
      "dev": true
    },
    "@codemirror/tooltip": {
      "version": "0.19.10",
      "resolved": "https://registry.npmjs.org/@codemirror/tooltip/-/tooltip-0.19.10.tgz",
      "integrity": "sha512-xqIhCHr+IYoamdNLvBnU/oDh92zPnsbT1zLaFtKTFi9GI9SxOfBhWY3jfMENlK0j1C9rk8+AvwpXblPGvY/O6w==",
      "dev": true,
      "requires": {
        "@codemirror/state": "^0.19.0",
        "@codemirror/view": "^0.19.0"
      }
    },
    "@codemirror/view": {
      "version": "0.19.37",
      "resolved": "https://registry.npmjs.org/@codemirror/view/-/view-0.19.37.tgz",
      "integrity": "sha512-SLuLx9p0O1ZHXLehvl5MwSvUrQRcsNGemzTgJ0zRajmc3BBsNigI1PXxdo7tvBhO5DcAzRRBXoke9DZFUR6Qqg==",
      "dev": true,
      "requires": {
        "@codemirror/rangeset": "^0.19.5",
        "@codemirror/state": "^0.19.3",
        "@codemirror/text": "^0.19.0",
        "style-mod": "^4.0.0",
        "w3c-keyname": "^2.2.4"
      }
    },
    "@lezer/common": {
      "version": "0.15.11",
      "resolved": "https://registry.npmjs.org/@lezer/common/-/common-0.15.11.tgz",
      "integrity": "sha512-vv0nSdIaVCRcJ8rPuDdsrNVfBOYe/4Szr/LhF929XyDmBndLDuWiCCHooGlGlJfzELyO608AyDhVsuX/ZG36NA==",
      "dev": true
    },
    "@lezer/lr": {
      "version": "0.15.5",
      "resolved": "https://registry.npmjs.org/@lezer/lr/-/lr-0.15.5.tgz",
      "integrity": "sha512-DEcLyhdmBxD1foQe7RegLrSlfS/XaTMGLkO5evkzHWAQKh/JnFWp7j7iNB7s2EpxzRrBCh0U+W7JDCeFhv2mng==",
      "dev": true,
      "requires": {
        "@lezer/common": "^0.15.0"
      }
    },
    "@rollup/plugin-node-resolve": {
      "version": "13.1.2",
      "resolved": "https://registry.npmjs.org/@rollup/plugin-node-resolve/-/plugin-node-resolve-13.1.2.tgz",
      "integrity": "sha512-xyqbuf1vyOPC60jEKhx3DBHunymnCJswzjNTKfX4Jz7zCPar1UqbRZCNY1u5QaXh97beaFTWdoUUWiV4qX8o/g==",
      "dev": true,
      "requires": {
        "@rollup/pluginutils": "^3.1.0",
        "@types/resolve": "1.17.1",
        "builtin-modules": "^3.1.0",
        "deepmerge": "^4.2.2",
        "is-module": "^1.0.0",
        "resolve": "^1.19.0"
      }
    },
    "@rollup/pluginutils": {
      "version": "3.1.0",
      "resolved": "https://registry.npmjs.org/@rollup/pluginutils/-/pluginutils-3.1.0.tgz",
      "integrity": "sha512-GksZ6pr6TpIjHm8h9lSQ8pi8BE9VeubNT0OMJ3B5uZJ8pz73NPiqOtCog/x2/QzM1ENChPKxMDhiQuRHsqc+lg==",
      "dev": true,
      "requires": {
        "@types/estree": "0.0.39",
        "estree-walker": "^1.0.1",
        "picomatch": "^2.2.2"
      }
    },
    "@types/estree": {
      "version": "0.0.39",
      "resolved": "https://registry.npmjs.org/@types/estree/-/estree-0.0.39.tgz",
      "integrity": "sha512-EYNwp3bU+98cpU4lAWYYL7Zz+2gryWH1qbdDTidVd6hkiR6weksdbMadyXKXNPEkQFhXM+hVO9ZygomHXp+AIw==",
      "dev": true
    },
    "@types/node": {
      "version": "17.0.6",
      "resolved": "https://registry.npmjs.org/@types/node/-/node-17.0.6.tgz",
      "integrity": "sha512-+XBAjfZmmivILUzO0HwBJoYkAyyySSLg5KCGBDFLomJo0sV6szvVLAf4ANZZ0pfWzgEds5KmGLG9D5hfEqOhaA==",
      "dev": true
    },
    "@types/resolve": {
      "version": "1.17.1",
      "resolved": "https://registry.npmjs.org/@types/resolve/-/resolve-1.17.1.tgz",
      "integrity": "sha512-yy7HuzQhj0dhGpD8RLXSZWEkLsV9ibvxvi6EiJ3bkqLAO1RGo0WbkWQiwpRlSFymTJRz0d3k5LM3kkx8ArDbLw==",
      "dev": true,
      "requires": {
        "@types/node": "*"
      }
    },
    "builtin-modules": {
      "version": "3.2.0",
      "resolved": "https://registry.npmjs.org/builtin-modules/-/builtin-modules-3.2.0.tgz",
      "integrity": "sha512-lGzLKcioL90C7wMczpkY0n/oART3MbBa8R9OFGE1rJxoVI86u4WAGfEk8Wjv10eKSyTHVGkSo3bvBylCEtk7LA==",
      "dev": true
    },
    "crelt": {
      "version": "1.0.5",
      "resolved": "https://registry.npmjs.org/crelt/-/crelt-1.0.5.tgz",
      "integrity": "sha512-+BO9wPPi+DWTDcNYhr/W90myha8ptzftZT+LwcmUbbok0rcP/fequmFYCw8NMoH7pkAZQzU78b3kYrlua5a9eA==",
      "dev": true
    },
    "deepmerge": {
      "version": "4.2.2",
      "resolved": "https://registry.npmjs.org/deepmerge/-/deepmerge-4.2.2.tgz",
      "integrity": "sha512-FJ3UgI4gIl+PHZm53knsuSFpE+nESMr7M4v9QcgB7S63Kj/6WqMiFQJpBBYz1Pt+66bZpP3Q7Lye0Oo9MPKEdg==",
      "dev": true
    },
    "estree-walker": {
      "version": "1.0.1",
      "resolved": "https://registry.npmjs.org/estree-walker/-/estree-walker-1.0.1.tgz",
      "integrity": "sha512-1fMXF3YP4pZZVozF8j/ZLfvnR8NSIljt56UhbZ5PeeDmmGHpgpdwQt7ITlGvYaQukCvuBRMLEiKiYC+oeIg4cg==",
      "dev": true
    },
    "fsevents": {
      "version": "2.3.2",
      "resolved": "https://registry.npmjs.org/fsevents/-/fsevents-2.3.2.tgz",
      "integrity": "sha512-xiqMQR4xAeHTuB9uWm+fFRcIOgKBMiOBP+eXiyT7jsgVCq1bkVygt00oASowB7EdtpOHaaPgKt812P9ab+DDKA==",
      "dev": true,
      "optional": true
    },
    "function-bind": {
      "version": "1.1.1",
      "resolved": "https://registry.npmjs.org/function-bind/-/function-bind-1.1.1.tgz",
      "integrity": "sha512-yIovAzMX49sF8Yl58fSCWJ5svSLuaibPxXQJFLmBObTuCr0Mf1KiPopGM9NiFjiYBCbfaa2Fh6breQ6ANVTI0A==",
      "dev": true
    },
    "has": {
      "version": "1.0.3",
      "resolved": "https://registry.npmjs.org/has/-/has-1.0.3.tgz",
      "integrity": "sha512-f2dvO0VU6Oej7RkWJGrehjbzMAjFp5/VKPp5tTpWIV4JHHZK1/BxbFRtf/siA2SWTe09caDmVtYYzWEIbBS4zw==",
      "dev": true,
      "requires": {
        "function-bind": "^1.1.1"
      }
    },
    "is-core-module": {
      "version": "2.8.0",
      "resolved": "https://registry.npmjs.org/is-core-module/-/is-core-module-2.8.0.tgz",
      "integrity": "sha512-vd15qHsaqrRL7dtH6QNuy0ndJmRDrS9HAM1CAiSifNUFv4x1a0CCVsj18hJ1mShxIG6T2i1sO78MkP56r0nYRw==",
      "dev": true,
      "requires": {
        "has": "^1.0.3"
      }
    },
    "is-module": {
      "version": "1.0.0",
      "resolved": "https://registry.npmjs.org/is-module/-/is-module-1.0.0.tgz",
      "integrity": "sha1-Mlj7afeMFNW4FdZkM2tM/7ZEFZE=",
      "dev": true
    },
    "lean-wrap": {
      "version": "0.3.6",
      "resolved": "https://registry.npmjs.org/lean-wrap/-/lean-wrap-0.3.6.tgz",
      "integrity": "sha512-+XDrbHTZPwBtXjAoPSb6uliAgQr0uoppcTb+qSrsWE5AbQaFXGvHjr31fgLjEzMX0ThjnZ3od8bttVy7DI+UGw=="
    },
    "path-parse": {
      "version": "1.0.7",
      "resolved": "https://registry.npmjs.org/path-parse/-/path-parse-1.0.7.tgz",
      "integrity": "sha512-LDJzPVEEEPR+y48z93A0Ed0yXb8pAByGWo/k5YYdYgpY2/2EsOsksJrq7lOHxryrVOn1ejG6oAp8ahvOIQD8sw==",
      "dev": true
    },
    "pico-client": {
      "version": "0.7.6",
      "resolved": "https://registry.npmjs.org/pico-client/-/pico-client-0.7.6.tgz",
      "integrity": "sha512-eLrNU1XQlDP8rIpuTPQsq1Segh9IblEbfi+2ZH/faiCGtjCcr5Y1Y2kO6uCbGiWYb8KMvT+NE0FcWdg1UBUFnA==",
      "requires": {
        "pojs": "^0.8.0"
      }
    },
    "pico-common": {
      "version": "0.14.23",
      "resolved": "https://registry.npmjs.org/pico-common/-/pico-common-0.14.23.tgz",
      "integrity": "sha512-BT5A82AeEGExSGG3WybsJhipqAlkemtzvi99aPC5WkO9Z4uWQ6mNVl/fRNTK5MgSQ6iCOO3d4FPgd7uhOT0whw=="
    },
    "picomatch": {
      "version": "2.3.0",
      "resolved": "https://registry.npmjs.org/picomatch/-/picomatch-2.3.0.tgz",
      "integrity": "sha512-lY1Q/PiJGC2zOv/z391WOTD+Z02bCgsFfvxoXXf6h7kv9o+WmsmzYqrAwY63sNgOxE4xEdq0WyUnXfKeBrSvYw==",
      "dev": true
    },
    "pojs": {
      "version": "0.8.5",
      "resolved": "https://registry.npmjs.org/pojs/-/pojs-0.8.5.tgz",
      "integrity": "sha512-eU9PdVsnMXhBZg2oY/2WU9a6+hzS0tvzBVZrXp7p7W+5bJ3Bvi360y8eoZfU9Co0ZNMTT/szD7R8vPFvJ7FLAQ==",
      "requires": {}
    },
    "resolve": {
      "version": "1.20.0",
      "resolved": "https://registry.npmjs.org/resolve/-/resolve-1.20.0.tgz",
      "integrity": "sha512-wENBPt4ySzg4ybFQW2TT1zMQucPK95HSh/nq2CFTZVOGut2+pQvSsgtda4d26YrYcr067wjbmzOG8byDPBX63A==",
      "dev": true,
      "requires": {
        "is-core-module": "^2.2.0",
        "path-parse": "^1.0.6"
      }
    },
    "rollup": {
      "version": "2.62.0",
      "resolved": "https://registry.npmjs.org/rollup/-/rollup-2.62.0.tgz",
      "integrity": "sha512-cJEQq2gwB0GWMD3rYImefQTSjrPYaC6s4J9pYqnstVLJ1CHa/aZNVkD4Epuvg4iLeMA4KRiq7UM7awKK6j7jcw==",
      "dev": true,
      "requires": {
        "fsevents": "~2.3.2"
      }
    },
    "style-mod": {
      "version": "4.0.0",
      "resolved": "https://registry.npmjs.org/style-mod/-/style-mod-4.0.0.tgz",
      "integrity": "sha512-OPhtyEjyyN9x3nhPsu76f52yUGXiZcgvsrFVtvTkyGRQJ0XK+GPc6ov1z+lRpbeabka+MYEQxOYRnt5nF30aMw==",
      "dev": true
    },
    "w3c-keyname": {
      "version": "2.2.4",
      "resolved": "https://registry.npmjs.org/w3c-keyname/-/w3c-keyname-2.2.4.tgz",
      "integrity": "sha512-tOhfEwEzFLJzf6d1ZPkYfGj+FWhIpBux9ppoP3rlclw3Z0BZv3N7b7030Z1kYth+6rDuAsXUFr+d0VE6Ed1ikw==",
      "dev": true
    }
  }
}
